
Microsoft Visual Studio Solution File, Format Version 12.00
# Visual Studio Version 17
VisualStudioVersion = 17.13.35825.156
MinimumVisualStudioVersion = 10.0.40219.1
Project("{FAE04EC0-301F-11D3-BF4B-00C04F79EFBC}") = "SocialNetwork", "SocialNetwork\SocialNetwork.csproj", "{956950CD-4B38-42C4-A2C7-679B33A9A9C4}"
EndProject
Project("{FAE04EC0-301F-11D3-BF4B-00C04F79EFBC}") = "SocialNetwork.Datacontracts", "SocialNetwork.Datacontracts\SocialNetwork.Datacontracts.csproj", "{96BCBD0C-5DFD-446B-AA4A-E14CAA4234BB}"
EndProject
Global
	GlobalSection(SolutionConfigurationPlatforms) = preSolution
		Debug|Any CPU = Debug|Any CPU
		Release|Any CPU = Release|Any CPU
	EndGlobalSection
	GlobalSection(ProjectConfigurationPlatforms) = postSolution
		{956950CD-4B38-42C4-A2C7-679B33A9A9C4}.Debug|Any CPU.ActiveCfg = Debug|Any CPU
		{956950CD-4B38-42C4-A2C7-679B33A9A9C4}.Debug|Any CPU.Build.0 = Debug|Any CPU
		{956950CD-4B38-42C4-A2C7-679B33A9A9C4}.Release|Any CPU.ActiveCfg = Release|Any CPU
		{956950CD-4B38-42C4-A2C7-679B33A9A9C4}.Release|Any CPU.Build.0 = Release|Any CPU
		{96BCBD0C-5DFD-446B-AA4A-E14CAA4234BB}.Debug|Any CPU.ActiveCfg = Debug|Any CPU
		{96BCBD0C-5DFD-446B-AA4A-E14CAA4234BB}.Debug|Any CPU.Build.0 = Debug|Any CPU
		{96BCBD0C-5DFD-446B-AA4A-E14CAA4234BB}.Release|Any CPU.ActiveCfg = Release|Any CPU
		{96BCBD0C-5DFD-446B-AA4A-E14CAA4234BB}.Release|Any CPU.Build.0 = Release|Any CPU
	EndGlobalSection
	GlobalSection(SolutionProperties) = preSolution
		HideSolutionNode = FALSE
	EndGlobalSection
	GlobalSection(ExtensibilityGlobals) = postSolution
		SolutionGuid = {CBFE40F0-13ED-4B38-99DD-DD867F41C3EE}
	EndGlobalSection
EndGlobal
